
Microsoft Visual Studio Solution File, Format Version 12.00
# Visual Studio Version 17
VisualStudioVersion = 17.9.34723.18
MinimumVisualStudioVersion = 10.0.40219.1
Project("{F2A71F9B-5D33-465A-A702-920D77279786}") = "FSharpWPF", "FSharpWPF\FSharpWPF.fsproj", "{D18DD3C2-4E19-41F7-9994-EAA86BF14D2F}"
EndProject
Global
	GlobalSection(SolutionConfigurationPlatforms) = preSolution
		Debug|Any CPU = Debug|Any CPU
		Release|Any CPU = Release|Any CPU
	EndGlobalSection
	GlobalSection(ProjectConfigurationPlatforms) = postSolution
		{D18DD3C2-4E19-41F7-9994-EAA86BF14D2F}.Debug|Any CPU.ActiveCfg = Debug|Any CPU
		{D18DD3C2-4E19-41F7-9994-EAA86BF14D2F}.Debug|Any CPU.Build.0 = Debug|Any CPU
		{D18DD3C2-4E19-41F7-9994-EAA86BF14D2F}.Release|Any CPU.ActiveCfg = Release|Any CPU
		{D18DD3C2-4E19-41F7-9994-EAA86BF14D2F}.Release|Any CPU.Build.0 = Release|Any CPU
	EndGlobalSection
	GlobalSection(SolutionProperties) = preSolution
		HideSolutionNode = FALSE
	EndGlobalSection
	GlobalSection(ExtensibilityGlobals) = postSolution
		SolutionGuid = {B5AEAAEB-FDCF-403C-BFF7-F9B4D1720ED6}
	EndGlobalSection
EndGlobal
